
Microsoft Visual Studio Solution File, Format Version 12.00
# Visual Studio Version 17
VisualStudioVersion = 17.4.33205.214
MinimumVisualStudioVersion = 10.0.40219.1
Project("{FAE04EC0-301F-11D3-BF4B-00C04F79EFBC}") = "XrayCoreConfigModle", "XrayCoreConfigModle\XrayCoreConfigModle.csproj", "{05338833-3B70-4318-9756-71F4AAFD5510}"
EndProject
Project("{FAE04EC0-301F-11D3-BF4B-00C04F79EFBC}") = "TestApp", "TestApp\TestApp.csproj", "{01882DD7-0AB2-49C0-BA86-38AD6ECFA0E1}"
EndProject
Global
	GlobalSection(SolutionConfigurationPlatforms) = preSolution
		Debug|Any CPU = Debug|Any CPU
		Release|Any CPU = Release|Any CPU
	EndGlobalSection
	GlobalSection(ProjectConfigurationPlatforms) = postSolution
		{05338833-3B70-4318-9756-71F4AAFD5510}.Debug|Any CPU.ActiveCfg = Debug|Any CPU
		{05338833-3B70-4318-9756-71F4AAFD5510}.Debug|Any CPU.Build.0 = Debug|Any CPU
		{05338833-3B70-4318-9756-71F4AAFD5510}.Release|Any CPU.ActiveCfg = Release|Any CPU
		{05338833-3B70-4318-9756-71F4AAFD5510}.Release|Any CPU.Build.0 = Release|Any CPU
		{01882DD7-0AB2-49C0-BA86-38AD6ECFA0E1}.Debug|Any CPU.ActiveCfg = Debug|Any CPU
		{01882DD7-0AB2-49C0-BA86-38AD6ECFA0E1}.Debug|Any CPU.Build.0 = Debug|Any CPU
		{01882DD7-0AB2-49C0-BA86-38AD6ECFA0E1}.Release|Any CPU.ActiveCfg = Release|Any CPU
		{01882DD7-0AB2-49C0-BA86-38AD6ECFA0E1}.Release|Any CPU.Build.0 = Release|Any CPU
	EndGlobalSection
	GlobalSection(SolutionProperties) = preSolution
		HideSolutionNode = FALSE
	EndGlobalSection
	GlobalSection(ExtensibilityGlobals) = postSolution
		SolutionGuid = {4189279C-DE83-4C68-A239-D6764DC82518}
	EndGlobalSection
EndGlobal
